
Microsoft Visual Studio Solution File, Format Version 12.00
# Visual Studio Version 17
VisualStudioVersion = 17.2.32630.192
MinimumVisualStudioVersion = 10.0.40219.1
Project("{2150E333-8FDC-42A3-9474-1A3956D46DE8}") = "Modul001_CSharpFeatures", "Modul001_CSharpFeatures", "{FB8E8C6B-C739-409F-9C04-6AA8832A637D}"
EndProject
Project("{9A19103F-16F7-4668-BE54-9A1E7A4F7556}") = "CSharp7x", "CSharp7x\CSharp7x.csproj", "{3F5199B6-2DD3-4A4B-B55A-FFB123A8CDBA}"
EndProject
Project("{9A19103F-16F7-4668-BE54-9A1E7A4F7556}") = "CSharp80", "CSharp80\CSharp80.csproj", "{1094DAEE-027C-47C2-94DB-DBCFACE18CFE}"
EndProject
Project("{9A19103F-16F7-4668-BE54-9A1E7A4F7556}") = "CSharp90", "CSharp90\CSharp90.csproj", "{7D2FE876-6C14-402D-B2C1-F7CEA3DB6479}"
EndProject
Project("{2150E333-8FDC-42A3-9474-1A3956D46DE8}") = "Modul002_TodayAndNextVersion", "Modul002_TodayAndNextVersion", "{9C1A1726-6CC9-45BE-9E80-AB036E65A2C6}"
EndProject
Project("{9A19103F-16F7-4668-BE54-9A1E7A4F7556}") = "CSharp10", "CSharp10\CSharp10.csproj", "{917C58F4-3BEE-429A-ABD3-771FF08804B4}"
EndProject
Project("{2150E333-8FDC-42A3-9474-1A3956D46DE8}") = "Modul003_Generics", "Modul003_Generics", "{7A88147C-291E-43AD-AA85-7F19F05BEB4D}"
EndProject
Project("{9A19103F-16F7-4668-BE54-9A1E7A4F7556}") = "Generics", "Generics\Generics.csproj", "{5E8FB5A5-8CD6-4DE1-A888-79F82CF3ED07}"
EndProject
Project("{9A19103F-16F7-4668-BE54-9A1E7A4F7556}") = "Generics_SolarSystem", "Generics_SolarSystem\Generics_SolarSystem.csproj", "{77E88894-9A36-48AD-B749-C54CFD685F7E}"
EndProject
Project("{9A19103F-16F7-4668-BE54-9A1E7A4F7556}") = "GenericLab", "GenericLab\GenericLab.csproj", "{4B77A97C-C341-4EB9-A41D-DBE8ECA92739}"
EndProject
Project("{9A19103F-16F7-4668-BE54-9A1E7A4F7556}") = "GenericRepository", "GenericRepository\GenericRepository.csproj", "{DADFEE55-DAF0-44CD-8DA9-E1D56F38B464}"
EndProject
Project("{2150E333-8FDC-42A3-9474-1A3956D46DE8}") = "Modul004_Delegates", "Modul004_Delegates", "{DD1A6415-1551-4168-8571-B2C797461A1F}"
EndProject
Project("{FAE04EC0-301F-11D3-BF4B-00C04F79EFBC}") = "DelegateActionFuncSamples", "DelegateActionFuncSamples\DelegateActionFuncSamples.csproj", "{010C8BC6-88D9-463D-BA44-710B326E559E}"
EndProject
Project("{FAE04EC0-301F-11D3-BF4B-00C04F79EFBC}") = "Delegates_UseCase", "Delegates_UseCase\Delegates_UseCase.csproj", "{259617BB-FB93-47A8-9C55-54EE7C9FF78A}"
EndProject
Project("{FAE04EC0-301F-11D3-BF4B-00C04F79EFBC}") = "Delegates_UseCase.Lib", "Delegates_UseCase.Lib\Delegates_UseCase.Lib.csproj", "{0810B7DD-60F2-4AEB-89B2-487C9881C015}"
EndProject
Project("{2150E333-8FDC-42A3-9474-1A3956D46DE8}") = "Modul004a_Event_EventHandler", "Modul004a_Event_EventHandler", "{28EEEDD8-9786-4C01-B94D-9EC3E78DE5AC}"
EndProject
Project("{FAE04EC0-301F-11D3-BF4B-00C04F79EFBC}") = "PackageInstaller", "PackageInstaller\PackageInstaller.csproj", "{98D93368-4818-4238-BFA4-4EB0E7E5FA6B}"
EndProject
Project("{FAE04EC0-301F-11D3-BF4B-00C04F79EFBC}") = "PackageInstaller.App", "PackageInstaller.App\PackageInstaller.App.csproj", "{2AAF07AE-CA4C-47CB-A5BA-318C71535268}"
EndProject
Global
	GlobalSection(SolutionConfigurationPlatforms) = preSolution
		Debug|Any CPU = Debug|Any CPU
		Release|Any CPU = Release|Any CPU
	EndGlobalSection
	GlobalSection(ProjectConfigurationPlatforms) = postSolution
		{3F5199B6-2DD3-4A4B-B55A-FFB123A8CDBA}.Debug|Any CPU.ActiveCfg = Debug|Any CPU
		{3F5199B6-2DD3-4A4B-B55A-FFB123A8CDBA}.Debug|Any CPU.Build.0 = Debug|Any CPU
		{3F5199B6-2DD3-4A4B-B55A-FFB123A8CDBA}.Release|Any CPU.ActiveCfg = Release|Any CPU
		{3F5199B6-2DD3-4A4B-B55A-FFB123A8CDBA}.Release|Any CPU.Build.0 = Release|Any CPU
		{1094DAEE-027C-47C2-94DB-DBCFACE18CFE}.Debug|Any CPU.ActiveCfg = Debug|Any CPU
		{1094DAEE-027C-47C2-94DB-DBCFACE18CFE}.Debug|Any CPU.Build.0 = Debug|Any CPU
		{1094DAEE-027C-47C2-94DB-DBCFACE18CFE}.Release|Any CPU.ActiveCfg = Release|Any CPU
		{1094DAEE-027C-47C2-94DB-DBCFACE18CFE}.Release|Any CPU.Build.0 = Release|Any CPU
		{7D2FE876-6C14-402D-B2C1-F7CEA3DB6479}.Debug|Any CPU.ActiveCfg = Debug|Any CPU
		{7D2FE876-6C14-402D-B2C1-F7CEA3DB6479}.Debug|Any CPU.Build.0 = Debug|Any CPU
		{7D2FE876-6C14-402D-B2C1-F7CEA3DB6479}.Release|Any CPU.ActiveCfg = Release|Any CPU
		{7D2FE876-6C14-402D-B2C1-F7CEA3DB6479}.Release|Any CPU.Build.0 = Release|Any CPU
		{917C58F4-3BEE-429A-ABD3-771FF08804B4}.Debug|Any CPU.ActiveCfg = Debug|Any CPU
		{917C58F4-3BEE-429A-ABD3-771FF08804B4}.Debug|Any CPU.Build.0 = Debug|Any CPU
		{917C58F4-3BEE-429A-ABD3-771FF08804B4}.Release|Any CPU.ActiveCfg = Release|Any CPU
		{917C58F4-3BEE-429A-ABD3-771FF08804B4}.Release|Any CPU.Build.0 = Release|Any CPU
		{5E8FB5A5-8CD6-4DE1-A888-79F82CF3ED07}.Debug|Any CPU.ActiveCfg = Debug|Any CPU
		{5E8FB5A5-8CD6-4DE1-A888-79F82CF3ED07}.Debug|Any CPU.Build.0 = Debug|Any CPU
		{5E8FB5A5-8CD6-4DE1-A888-79F82CF3ED07}.Release|Any CPU.ActiveCfg = Release|Any CPU
		{5E8FB5A5-8CD6-4DE1-A888-79F82CF3ED07}.Release|Any CPU.Build.0 = Release|Any CPU
		{77E88894-9A36-48AD-B749-C54CFD685F7E}.Debug|Any CPU.ActiveCfg = Debug|Any CPU
		{77E88894-9A36-48AD-B749-C54CFD685F7E}.Debug|Any CPU.Build.0 = Debug|Any CPU
		{77E88894-9A36-48AD-B749-C54CFD685F7E}.Release|Any CPU.ActiveCfg = Release|Any CPU
		{77E88894-9A36-48AD-B749-C54CFD685F7E}.Release|Any CPU.Build.0 = Release|Any CPU
		{4B77A97C-C341-4EB9-A41D-DBE8ECA92739}.Debug|Any CPU.ActiveCfg = Debug|Any CPU
		{4B77A97C-C341-4EB9-A41D-DBE8ECA92739}.Debug|Any CPU.Build.0 = Debug|Any CPU
		{4B77A97C-C341-4EB9-A41D-DBE8ECA92739}.Release|Any CPU.ActiveCfg = Release|Any CPU
		{4B77A97C-C341-4EB9-A41D-DBE8ECA92739}.Release|Any CPU.Build.0 = Release|Any CPU
		{DADFEE55-DAF0-44CD-8DA9-E1D56F38B464}.Debug|Any CPU.ActiveCfg = Debug|Any CPU
		{DADFEE55-DAF0-44CD-8DA9-E1D56F38B464}.Debug|Any CPU.Build.0 = Debug|Any CPU
		{DADFEE55-DAF0-44CD-8DA9-E1D56F38B464}.Release|Any CPU.ActiveCfg = Release|Any CPU
		{DADFEE55-DAF0-44CD-8DA9-E1D56F38B464}.Release|Any CPU.Build.0 = Release|Any CPU
		{010C8BC6-88D9-463D-BA44-710B326E559E}.Debug|Any CPU.ActiveCfg = Debug|Any CPU
		{010C8BC6-88D9-463D-BA44-710B326E559E}.Debug|Any CPU.Build.0 = Debug|Any CPU
		{010C8BC6-88D9-463D-BA44-710B326E559E}.Release|Any CPU.ActiveCfg = Release|Any CPU
		{010C8BC6-88D9-463D-BA44-710B326E559E}.Release|Any CPU.Build.0 = Release|Any CPU
		{259617BB-FB93-47A8-9C55-54EE7C9FF78A}.Debug|Any CPU.ActiveCfg = Debug|Any CPU
		{259617BB-FB93-47A8-9C55-54EE7C9FF78A}.Debug|Any CPU.Build.0 = Debug|Any CPU
		{259617BB-FB93-47A8-9C55-54EE7C9FF78A}.Release|Any CPU.ActiveCfg = Release|Any CPU
		{259617BB-FB93-47A8-9C55-54EE7C9FF78A}.Release|Any CPU.Build.0 = Release|Any CPU
		{0810B7DD-60F2-4AEB-89B2-487C9881C015}.Debug|Any CPU.ActiveCfg = Debug|Any CPU
		{0810B7DD-60F2-4AEB-89B2-487C9881C015}.Debug|Any CPU.Build.0 = Debug|Any CPU
		{0810B7DD-60F2-4AEB-89B2-487C9881C015}.Release|Any CPU.ActiveCfg = Release|Any CPU
		{0810B7DD-60F2-4AEB-89B2-487C9881C015}.Release|Any CPU.Build.0 = Release|Any CPU
		{98D93368-4818-4238-BFA4-4EB0E7E5FA6B}.Debug|Any CPU.ActiveCfg = Debug|Any CPU
		{98D93368-4818-4238-BFA4-4EB0E7E5FA6B}.Debug|Any CPU.Build.0 = Debug|Any CPU
		{98D93368-4818-4238-BFA4-4EB0E7E5FA6B}.Release|Any CPU.ActiveCfg = Release|Any CPU
		{98D93368-4818-4238-BFA4-4EB0E7E5FA6B}.Release|Any CPU.Build.0 = Release|Any CPU
		{2AAF07AE-CA4C-47CB-A5BA-318C71535268}.Debug|Any CPU.ActiveCfg = Debug|Any CPU
		{2AAF07AE-CA4C-47CB-A5BA-318C71535268}.Debug|Any CPU.Build.0 = Debug|Any CPU
		{2AAF07AE-CA4C-47CB-A5BA-318C71535268}.Release|Any CPU.ActiveCfg = Release|Any CPU
		{2AAF07AE-CA4C-47CB-A5BA-318C71535268}.Release|Any CPU.Build.0 = Release|Any CPU
	EndGlobalSection
	GlobalSection(SolutionProperties) = preSolution
		HideSolutionNode = FALSE
	EndGlobalSection
	GlobalSection(NestedProjects) = preSolution
		{3F5199B6-2DD3-4A4B-B55A-FFB123A8CDBA} = {FB8E8C6B-C739-409F-9C04-6AA8832A637D}
		{1094DAEE-027C-47C2-94DB-DBCFACE18CFE} = {FB8E8C6B-C739-409F-9C04-6AA8832A637D}
		{7D2FE876-6C14-402D-B2C1-F7CEA3DB6479} = {FB8E8C6B-C739-409F-9C04-6AA8832A637D}
		{917C58F4-3BEE-429A-ABD3-771FF08804B4} = {9C1A1726-6CC9-45BE-9E80-AB036E65A2C6}
		{5E8FB5A5-8CD6-4DE1-A888-79F82CF3ED07} = {7A88147C-291E-43AD-AA85-7F19F05BEB4D}
		{77E88894-9A36-48AD-B749-C54CFD685F7E} = {7A88147C-291E-43AD-AA85-7F19F05BEB4D}
		{4B77A97C-C341-4EB9-A41D-DBE8ECA92739} = {7A88147C-291E-43AD-AA85-7F19F05BEB4D}
		{DADFEE55-DAF0-44CD-8DA9-E1D56F38B464} = {7A88147C-291E-43AD-AA85-7F19F05BEB4D}
		{010C8BC6-88D9-463D-BA44-710B326E559E} = {DD1A6415-1551-4168-8571-B2C797461A1F}
		{259617BB-FB93-47A8-9C55-54EE7C9FF78A} = {DD1A6415-1551-4168-8571-B2C797461A1F}
		{0810B7DD-60F2-4AEB-89B2-487C9881C015} = {DD1A6415-1551-4168-8571-B2C797461A1F}
		{98D93368-4818-4238-BFA4-4EB0E7E5FA6B} = {28EEEDD8-9786-4C01-B94D-9EC3E78DE5AC}
		{2AAF07AE-CA4C-47CB-A5BA-318C71535268} = {28EEEDD8-9786-4C01-B94D-9EC3E78DE5AC}
	EndGlobalSection
	GlobalSection(ExtensibilityGlobals) = postSolution
		SolutionGuid = {68BC31C9-43A3-4018-A815-44A4F6DFD197}
	EndGlobalSection
EndGlobal
