
Microsoft Visual Studio Solution File, Format Version 12.00
# Visual Studio Version 17
VisualStudioVersion = 17.2.32630.192
MinimumVisualStudioVersion = 10.0.40219.1
Project("{2150E333-8FDC-42A3-9474-1A3956D46DE8}") = "Modul001_CSharpFeatures", "Modul001_CSharpFeatures", "{FB8E8C6B-C739-409F-9C04-6AA8832A637D}"
EndProject
Project("{9A19103F-16F7-4668-BE54-9A1E7A4F7556}") = "CSharp7x", "CSharp7x\CSharp7x.csproj", "{3F5199B6-2DD3-4A4B-B55A-FFB123A8CDBA}"
EndProject
Project("{9A19103F-16F7-4668-BE54-9A1E7A4F7556}") = "CSharp80", "CSharp80\CSharp80.csproj", "{1094DAEE-027C-47C2-94DB-DBCFACE18CFE}"
EndProject
Project("{9A19103F-16F7-4668-BE54-9A1E7A4F7556}") = "CSharp90", "CSharp90\CSharp90.csproj", "{7D2FE876-6C14-402D-B2C1-F7CEA3DB6479}"
EndProject
Project("{2150E333-8FDC-42A3-9474-1A3956D46DE8}") = "Modul002_TodayAndNextVersion", "Modul002_TodayAndNextVersion", "{9C1A1726-6CC9-45BE-9E80-AB036E65A2C6}"
EndProject
Project("{9A19103F-16F7-4668-BE54-9A1E7A4F7556}") = "CSharp10", "CSharp10\CSharp10.csproj", "{917C58F4-3BEE-429A-ABD3-771FF08804B4}"
EndProject
Project("{2150E333-8FDC-42A3-9474-1A3956D46DE8}") = "Modul003_Generics", "Modul003_Generics", "{7A88147C-291E-43AD-AA85-7F19F05BEB4D}"
EndProject
Project("{9A19103F-16F7-4668-BE54-9A1E7A4F7556}") = "Generics", "Generics\Generics.csproj", "{5E8FB5A5-8CD6-4DE1-A888-79F82CF3ED07}"
EndProject
Project("{9A19103F-16F7-4668-BE54-9A1E7A4F7556}") = "Generics_SolarSystem", "Generics_SolarSystem\Generics_SolarSystem.csproj", "{77E88894-9A36-48AD-B749-C54CFD685F7E}"
EndProject
Project("{9A19103F-16F7-4668-BE54-9A1E7A4F7556}") = "GenericLab", "GenericLab\GenericLab.csproj", "{4B77A97C-C341-4EB9-A41D-DBE8ECA92739}"
EndProject
Project("{9A19103F-16F7-4668-BE54-9A1E7A4F7556}") = "GenericRepository", "GenericRepository\GenericRepository.csproj", "{DADFEE55-DAF0-44CD-8DA9-E1D56F38B464}"
EndProject
Project("{2150E333-8FDC-42A3-9474-1A3956D46DE8}") = "Modul004_Delegates", "Modul004_Delegates", "{DD1A6415-1551-4168-8571-B2C797461A1F}"
EndProject
Project("{9A19103F-16F7-4668-BE54-9A1E7A4F7556}") = "DelegateActionFuncSamples", "DelegateActionFuncSamples\DelegateActionFuncSamples.csproj", "{010C8BC6-88D9-463D-BA44-710B326E559E}"
EndProject
Project("{9A19103F-16F7-4668-BE54-9A1E7A4F7556}") = "Delegates_UseCase", "Delegates_UseCase\Delegates_UseCase.csproj", "{259617BB-FB93-47A8-9C55-54EE7C9FF78A}"
EndProject
Project("{9A19103F-16F7-4668-BE54-9A1E7A4F7556}") = "Delegates_UseCase.Lib", "Delegates_UseCase.Lib\Delegates_UseCase.Lib.csproj", "{0810B7DD-60F2-4AEB-89B2-487C9881C015}"
EndProject
Project("{2150E333-8FDC-42A3-9474-1A3956D46DE8}") = "Modul004a_Event_EventHandler", "Modul004a_Event_EventHandler", "{28EEEDD8-9786-4C01-B94D-9EC3E78DE5AC}"
EndProject
Project("{9A19103F-16F7-4668-BE54-9A1E7A4F7556}") = "PackageInstaller", "PackageInstaller\PackageInstaller.csproj", "{98D93368-4818-4238-BFA4-4EB0E7E5FA6B}"
EndProject
Project("{9A19103F-16F7-4668-BE54-9A1E7A4F7556}") = "PackageInstaller.App", "PackageInstaller.App\PackageInstaller.App.csproj", "{2AAF07AE-CA4C-47CB-A5BA-318C71535268}"
EndProject
Project("{2150E333-8FDC-42A3-9474-1A3956D46DE8}") = "Modul005_Threading", "Modul005_Threading", "{6EBBE521-462A-48EB-855E-A50D0909FBA8}"
EndProject
Project("{9A19103F-16F7-4668-BE54-9A1E7A4F7556}") = "001_Thread_Starten", "001_Thread_Starten\001_Thread_Starten.csproj", "{1B1E648A-1F8D-4E62-9867-E899BF120547}"
EndProject
Project("{9A19103F-16F7-4668-BE54-9A1E7A4F7556}") = "002_Thread_mit_Parameter", "002_Thread_mit_Parameter\002_Thread_mit_Parameter.csproj", "{B3BEAEC3-7854-487B-9096-B94B16127F5D}"
EndProject
Project("{9A19103F-16F7-4668-BE54-9A1E7A4F7556}") = "003_Thread_Beenden", "003_Thread_Beenden\003_Thread_Beenden.csproj", "{A260D715-77F4-492B-A844-178BA95BCC1A}"
EndProject
Project("{9A19103F-16F7-4668-BE54-9A1E7A4F7556}") = "004_Thread_Beenden_CancellationToken", "004_Thread_Beenden_CancellationToken\004_Thread_Beenden_CancellationToken.csproj", "{07526F5B-744E-4BFE-9D31-BF507D5F9FF1}"
EndProject
Project("{9A19103F-16F7-4668-BE54-9A1E7A4F7556}") = "005_ThreadMitParamsAndReturnValues", "005_ThreadMitParamsAndReturnValues\005_ThreadMitParamsAndReturnValues.csproj", "{8046E5AD-E269-4E90-A47B-983B9223B767}"
EndProject
Project("{9A19103F-16F7-4668-BE54-9A1E7A4F7556}") = "006_ThreadWithState", "006_ThreadWithState\006_ThreadWithState.csproj", "{5BB270AC-7071-40E4-B228-0AC35BBA3B0F}"
EndProject
Project("{9A19103F-16F7-4668-BE54-9A1E7A4F7556}") = "007_ThreadPool", "ThreadPool\007_ThreadPool.csproj", "{A7B2AFD5-F9EF-4FAA-8AC6-8D167D176676}"
EndProject
Project("{9A19103F-16F7-4668-BE54-9A1E7A4F7556}") = "008_LockSample2", "008_LockSample2\008_LockSample2.csproj", "{9752F0CE-E9E9-4F26-8A2B-31F06EB1B632}"
EndProject
Project("{9A19103F-16F7-4668-BE54-9A1E7A4F7556}") = "MatrixRain", "MatrixRain\MatrixRain.csproj", "{19996BFB-69B4-41EE-8349-2A46F2DF24C5}"
EndProject
Project("{2150E333-8FDC-42A3-9474-1A3956D46DE8}") = "Modul006_TPL", "Modul006_TPL", "{6D9CBE9B-5C51-47A0-AF60-8AF803481E94}"
EndProject
Project("{2150E333-8FDC-42A3-9474-1A3956D46DE8}") = "Solution Items", "Solution Items", "{8F2C6424-262A-4912-A8A3-3D6AB7DD1E8F}"
	ProjectSection(SolutionItems) = preProject
		..\Agenda.md = ..\Agenda.md
	EndProjectSection
EndProject
Project("{9A19103F-16F7-4668-BE54-9A1E7A4F7556}") = "001_Task_starten", "001_Task_starten\001_Task_starten.csproj", "{83305431-E8B4-4596-AF04-FE2D39C10F8D}"
EndProject
Project("{9A19103F-16F7-4668-BE54-9A1E7A4F7556}") = "002_Task_beenden", "002_Task_beenden\002_Task_beenden.csproj", "{FA595915-9C85-4BDB-8A53-BD3F5FB535F0}"
EndProject
Project("{9A19103F-16F7-4668-BE54-9A1E7A4F7556}") = "003_TaskFactorySample", "003_TaskFactorySample\003_TaskFactorySample.csproj", "{B5E0C359-C9D4-4CC0-B96E-59989B3161C7}"
EndProject
Project("{9A19103F-16F7-4668-BE54-9A1E7A4F7556}") = "004_TaskMitParameter.cs", "TaskMitParameter.cs\004_TaskMitParameter.cs.csproj", "{F5DC4DB9-B880-4EA8-A2FC-171B2B28F07E}"
EndProject
Project("{9A19103F-16F7-4668-BE54-9A1E7A4F7556}") = "005_TaskException", "005_TaskException\005_TaskException.csproj", "{45EC68B3-5374-4A88-9C49-3610D481C14E}"
EndProject
Project("{9A19103F-16F7-4668-BE54-9A1E7A4F7556}") = "006_ContinueWith", "006_ContinueWith\006_ContinueWith.csproj", "{7AC87625-22BC-44E4-8CC5-D025B4B1A44B}"
EndProject
Project("{9A19103F-16F7-4668-BE54-9A1E7A4F7556}") = "007_ContinueWith_Parameter", "007_ContinueWith_Parameter\007_ContinueWith_Parameter.csproj", "{C67D60EB-5072-4264-8D79-EEC6392B762E}"
EndProject
Project("{9A19103F-16F7-4668-BE54-9A1E7A4F7556}") = "008_ParallelSample", "008_ParallelSample\008_ParallelSample.csproj", "{4D5F9071-2D40-45EC-B33C-C3881F3E39D8}"
EndProject
Project("{2150E333-8FDC-42A3-9474-1A3956D46DE8}") = "BenchmarkTests", "BenchmarkTests", "{9045867C-3FD8-435C-A852-EA790DB5A547}"
EndProject
Project("{9A19103F-16F7-4668-BE54-9A1E7A4F7556}") = "009_BenchmarkTestParallelForVsFor", "BenchmarkTestParallelForVsFor\009_BenchmarkTestParallelForVsFor.csproj", "{6CFD707B-57BB-45F8-B8DB-E4CEDD1C9EB0}"
EndProject
Project("{9A19103F-16F7-4668-BE54-9A1E7A4F7556}") = "StringBuilderBenchmarkDemo", "StringBuilderBenchmarkDemo\StringBuilderBenchmarkDemo.csproj", "{BD32AF0A-50C8-4F69-BAF0-8CEFB03B4805}"
EndProject
Project("{2150E333-8FDC-42A3-9474-1A3956D46DE8}") = "WinFormVsWPF", "WinFormVsWPF", "{378DBF0B-15CD-4982-8CCA-4A10CB920D48}"
EndProject
Project("{9A19103F-16F7-4668-BE54-9A1E7A4F7556}") = "WinFormsApp1", "WinFormsApp1\WinFormsApp1.csproj", "{25214C2C-6DD2-4E4F-B2B2-74A87D778EDF}"
EndProject
Project("{9A19103F-16F7-4668-BE54-9A1E7A4F7556}") = "WpfApp1", "WpfApp1\WpfApp1.csproj", "{429E10EE-31F8-46DB-BE44-DEF85D450E26}"
EndProject
Project("{9A19103F-16F7-4668-BE54-9A1E7A4F7556}") = "AsyncAwaitSample", "AsyncAwaitSample\AsyncAwaitSample.csproj", "{082FCAB4-6F55-4424-9DA4-C88409E34A15}"
EndProject
Project("{FAE04EC0-301F-11D3-BF4B-00C04F79EFBC}") = "HalloAsync_WinForms", "HalloAsync\HalloAsync\HalloAsync_WinForms.csproj", "{8518674C-843F-4BCF-BAD3-3EAEB28E48EF}"
EndProject
Project("{FAE04EC0-301F-11D3-BF4B-00C04F79EFBC}") = "HalloAsync", "HalloAsync_WPF\HalloAsync\HalloAsync.csproj", "{8AEA6B0E-7BB0-47D1-8F6C-CF63600BDEF0}"
EndProject
Project("{2150E333-8FDC-42A3-9474-1A3956D46DE8}") = "Modul007und008_Serialisierung_ErweiterungsMethoden", "Modul007und008_Serialisierung_ErweiterungsMethoden", "{68EF0CC6-8966-43C8-8D66-E0A2EB7EEFA1}"
EndProject
Project("{9A19103F-16F7-4668-BE54-9A1E7A4F7556}") = "SerializeAndExtentionMethodsSample", "SerializeAndExtentionMethodsSample\SerializeAndExtentionMethodsSample.csproj", "{E0B6CD72-3603-48AE-9C72-AB63D603C063}"
EndProject
Project("{2150E333-8FDC-42A3-9474-1A3956D46DE8}") = "Modul009_Linq_und_Lambda", "Modul009_Linq_und_Lambda", "{EF848F2B-8DC9-4E17-9975-586FDE25AABA}"
EndProject
Project("{9A19103F-16F7-4668-BE54-9A1E7A4F7556}") = "LinqLambdaSamples.cs", "LinqLambdaSamples.cs\LinqLambdaSamples.cs.csproj", "{1146E993-12B3-4F7F-A902-31087474C3B9}"
EndProject
Project("{2150E333-8FDC-42A3-9474-1A3956D46DE8}") = "Modul010_Reflections", "Modul010_Reflections", "{F76A68A8-4DD1-4A7B-A064-0A0A00808A73}"
EndProject
Project("{9A19103F-16F7-4668-BE54-9A1E7A4F7556}") = "Taschenrechner", "Taschenrechner\Taschenrechner.csproj", "{ECD2983A-54A3-48B7-B556-4ECC1B7CF60D}"
EndProject
Project("{9A19103F-16F7-4668-BE54-9A1E7A4F7556}") = "Taschenrechner.App", "Taschenrechner.App\Taschenrechner.App.csproj", "{7EDDA01B-D1D2-40A5-8FC5-99B2F040B910}"
EndProject
Project("{2150E333-8FDC-42A3-9474-1A3956D46DE8}") = "Modul011_DynamicObjects", "Modul011_DynamicObjects", "{F9C4FAC5-6633-43ED-822B-004F51C72EFF}"
EndProject
Project("{9A19103F-16F7-4668-BE54-9A1E7A4F7556}") = "DynamicObjectSample", "DynamicObjectSample\DynamicObjectSample.csproj", "{31DF0086-5B55-43F8-94C8-F8BE74D9DA27}"
EndProject
Project("{2150E333-8FDC-42A3-9474-1A3956D46DE8}") = "Modul012_SOLID", "Modul012_SOLID", "{573341F3-45C7-4FAE-9D4F-C94E852ED922}"
EndProject
Project("{9A19103F-16F7-4668-BE54-9A1E7A4F7556}") = "SRP_SAMPE", "SRP_SAMPE\SRP_SAMPE.csproj", "{618DC37F-DA60-494C-B4FB-369D4351424A}"
EndProject
Project("{9A19103F-16F7-4668-BE54-9A1E7A4F7556}") = "OCP_SAMPLE", "OCP_SAMPLE\OCP_SAMPLE.csproj", "{9D76A664-B770-40E5-B797-E57FD491CBC3}"
EndProject
Project("{9A19103F-16F7-4668-BE54-9A1E7A4F7556}") = "LP_SAMPLE", "LP_SAMPLE\LP_SAMPLE.csproj", "{378D8FC0-8AC8-4A12-A8CE-90E9A818BA27}"
EndProject
Project("{9A19103F-16F7-4668-BE54-9A1E7A4F7556}") = "ISP_SAMPLE", "ISP_SAMPLE\ISP_SAMPLE.csproj", "{473EB208-9DB7-429C-B1F7-2B637BDE6E0B}"
EndProject
Project("{9A19103F-16F7-4668-BE54-9A1E7A4F7556}") = "DI_SAMPLE", "DI_SAMPLE\DI_SAMPLE.csproj", "{67F259E2-FCC9-4F7B-89F3-2382351BF051}"
EndProject
Project("{FAE04EC0-301F-11D3-BF4B-00C04F79EFBC}") = "BenchmarkTestRecordVsClassWithFluentPattern", "BenchmarkTestRecordVsClassWithFluentPattern\BenchmarkTestRecordVsClassWithFluentPattern.csproj", "{9E223A92-2D7B-4589-AB1E-58257D573629}"
EndProject
Global
	GlobalSection(SolutionConfigurationPlatforms) = preSolution
		Debug|Any CPU = Debug|Any CPU
		Release|Any CPU = Release|Any CPU
	EndGlobalSection
	GlobalSection(ProjectConfigurationPlatforms) = postSolution
		{3F5199B6-2DD3-4A4B-B55A-FFB123A8CDBA}.Debug|Any CPU.ActiveCfg = Debug|Any CPU
		{3F5199B6-2DD3-4A4B-B55A-FFB123A8CDBA}.Debug|Any CPU.Build.0 = Debug|Any CPU
		{3F5199B6-2DD3-4A4B-B55A-FFB123A8CDBA}.Release|Any CPU.ActiveCfg = Release|Any CPU
		{3F5199B6-2DD3-4A4B-B55A-FFB123A8CDBA}.Release|Any CPU.Build.0 = Release|Any CPU
		{1094DAEE-027C-47C2-94DB-DBCFACE18CFE}.Debug|Any CPU.ActiveCfg = Debug|Any CPU
		{1094DAEE-027C-47C2-94DB-DBCFACE18CFE}.Debug|Any CPU.Build.0 = Debug|Any CPU
		{1094DAEE-027C-47C2-94DB-DBCFACE18CFE}.Release|Any CPU.ActiveCfg = Release|Any CPU
		{1094DAEE-027C-47C2-94DB-DBCFACE18CFE}.Release|Any CPU.Build.0 = Release|Any CPU
		{7D2FE876-6C14-402D-B2C1-F7CEA3DB6479}.Debug|Any CPU.ActiveCfg = Debug|Any CPU
		{7D2FE876-6C14-402D-B2C1-F7CEA3DB6479}.Debug|Any CPU.Build.0 = Debug|Any CPU
		{7D2FE876-6C14-402D-B2C1-F7CEA3DB6479}.Release|Any CPU.ActiveCfg = Release|Any CPU
		{7D2FE876-6C14-402D-B2C1-F7CEA3DB6479}.Release|Any CPU.Build.0 = Release|Any CPU
		{917C58F4-3BEE-429A-ABD3-771FF08804B4}.Debug|Any CPU.ActiveCfg = Debug|Any CPU
		{917C58F4-3BEE-429A-ABD3-771FF08804B4}.Debug|Any CPU.Build.0 = Debug|Any CPU
		{917C58F4-3BEE-429A-ABD3-771FF08804B4}.Release|Any CPU.ActiveCfg = Release|Any CPU
		{917C58F4-3BEE-429A-ABD3-771FF08804B4}.Release|Any CPU.Build.0 = Release|Any CPU
		{5E8FB5A5-8CD6-4DE1-A888-79F82CF3ED07}.Debug|Any CPU.ActiveCfg = Debug|Any CPU
		{5E8FB5A5-8CD6-4DE1-A888-79F82CF3ED07}.Debug|Any CPU.Build.0 = Debug|Any CPU
		{5E8FB5A5-8CD6-4DE1-A888-79F82CF3ED07}.Release|Any CPU.ActiveCfg = Release|Any CPU
		{5E8FB5A5-8CD6-4DE1-A888-79F82CF3ED07}.Release|Any CPU.Build.0 = Release|Any CPU
		{77E88894-9A36-48AD-B749-C54CFD685F7E}.Debug|Any CPU.ActiveCfg = Debug|Any CPU
		{77E88894-9A36-48AD-B749-C54CFD685F7E}.Debug|Any CPU.Build.0 = Debug|Any CPU
		{77E88894-9A36-48AD-B749-C54CFD685F7E}.Release|Any CPU.ActiveCfg = Release|Any CPU
		{77E88894-9A36-48AD-B749-C54CFD685F7E}.Release|Any CPU.Build.0 = Release|Any CPU
		{4B77A97C-C341-4EB9-A41D-DBE8ECA92739}.Debug|Any CPU.ActiveCfg = Debug|Any CPU
		{4B77A97C-C341-4EB9-A41D-DBE8ECA92739}.Debug|Any CPU.Build.0 = Debug|Any CPU
		{4B77A97C-C341-4EB9-A41D-DBE8ECA92739}.Release|Any CPU.ActiveCfg = Release|Any CPU
		{4B77A97C-C341-4EB9-A41D-DBE8ECA92739}.Release|Any CPU.Build.0 = Release|Any CPU
		{DADFEE55-DAF0-44CD-8DA9-E1D56F38B464}.Debug|Any CPU.ActiveCfg = Debug|Any CPU
		{DADFEE55-DAF0-44CD-8DA9-E1D56F38B464}.Debug|Any CPU.Build.0 = Debug|Any CPU
		{DADFEE55-DAF0-44CD-8DA9-E1D56F38B464}.Release|Any CPU.ActiveCfg = Release|Any CPU
		{DADFEE55-DAF0-44CD-8DA9-E1D56F38B464}.Release|Any CPU.Build.0 = Release|Any CPU
		{010C8BC6-88D9-463D-BA44-710B326E559E}.Debug|Any CPU.ActiveCfg = Debug|Any CPU
		{010C8BC6-88D9-463D-BA44-710B326E559E}.Debug|Any CPU.Build.0 = Debug|Any CPU
		{010C8BC6-88D9-463D-BA44-710B326E559E}.Release|Any CPU.ActiveCfg = Release|Any CPU
		{010C8BC6-88D9-463D-BA44-710B326E559E}.Release|Any CPU.Build.0 = Release|Any CPU
		{259617BB-FB93-47A8-9C55-54EE7C9FF78A}.Debug|Any CPU.ActiveCfg = Debug|Any CPU
		{259617BB-FB93-47A8-9C55-54EE7C9FF78A}.Debug|Any CPU.Build.0 = Debug|Any CPU
		{259617BB-FB93-47A8-9C55-54EE7C9FF78A}.Release|Any CPU.ActiveCfg = Release|Any CPU
		{259617BB-FB93-47A8-9C55-54EE7C9FF78A}.Release|Any CPU.Build.0 = Release|Any CPU
		{0810B7DD-60F2-4AEB-89B2-487C9881C015}.Debug|Any CPU.ActiveCfg = Debug|Any CPU
		{0810B7DD-60F2-4AEB-89B2-487C9881C015}.Debug|Any CPU.Build.0 = Debug|Any CPU
		{0810B7DD-60F2-4AEB-89B2-487C9881C015}.Release|Any CPU.ActiveCfg = Release|Any CPU
		{0810B7DD-60F2-4AEB-89B2-487C9881C015}.Release|Any CPU.Build.0 = Release|Any CPU
		{98D93368-4818-4238-BFA4-4EB0E7E5FA6B}.Debug|Any CPU.ActiveCfg = Debug|Any CPU
		{98D93368-4818-4238-BFA4-4EB0E7E5FA6B}.Debug|Any CPU.Build.0 = Debug|Any CPU
		{98D93368-4818-4238-BFA4-4EB0E7E5FA6B}.Release|Any CPU.ActiveCfg = Release|Any CPU
		{98D93368-4818-4238-BFA4-4EB0E7E5FA6B}.Release|Any CPU.Build.0 = Release|Any CPU
		{2AAF07AE-CA4C-47CB-A5BA-318C71535268}.Debug|Any CPU.ActiveCfg = Debug|Any CPU
		{2AAF07AE-CA4C-47CB-A5BA-318C71535268}.Debug|Any CPU.Build.0 = Debug|Any CPU
		{2AAF07AE-CA4C-47CB-A5BA-318C71535268}.Release|Any CPU.ActiveCfg = Release|Any CPU
		{2AAF07AE-CA4C-47CB-A5BA-318C71535268}.Release|Any CPU.Build.0 = Release|Any CPU
		{1B1E648A-1F8D-4E62-9867-E899BF120547}.Debug|Any CPU.ActiveCfg = Debug|Any CPU
		{1B1E648A-1F8D-4E62-9867-E899BF120547}.Debug|Any CPU.Build.0 = Debug|Any CPU
		{1B1E648A-1F8D-4E62-9867-E899BF120547}.Release|Any CPU.ActiveCfg = Release|Any CPU
		{1B1E648A-1F8D-4E62-9867-E899BF120547}.Release|Any CPU.Build.0 = Release|Any CPU
		{B3BEAEC3-7854-487B-9096-B94B16127F5D}.Debug|Any CPU.ActiveCfg = Debug|Any CPU
		{B3BEAEC3-7854-487B-9096-B94B16127F5D}.Debug|Any CPU.Build.0 = Debug|Any CPU
		{B3BEAEC3-7854-487B-9096-B94B16127F5D}.Release|Any CPU.ActiveCfg = Release|Any CPU
		{B3BEAEC3-7854-487B-9096-B94B16127F5D}.Release|Any CPU.Build.0 = Release|Any CPU
		{A260D715-77F4-492B-A844-178BA95BCC1A}.Debug|Any CPU.ActiveCfg = Debug|Any CPU
		{A260D715-77F4-492B-A844-178BA95BCC1A}.Debug|Any CPU.Build.0 = Debug|Any CPU
		{A260D715-77F4-492B-A844-178BA95BCC1A}.Release|Any CPU.ActiveCfg = Release|Any CPU
		{A260D715-77F4-492B-A844-178BA95BCC1A}.Release|Any CPU.Build.0 = Release|Any CPU
		{07526F5B-744E-4BFE-9D31-BF507D5F9FF1}.Debug|Any CPU.ActiveCfg = Debug|Any CPU
		{07526F5B-744E-4BFE-9D31-BF507D5F9FF1}.Debug|Any CPU.Build.0 = Debug|Any CPU
		{07526F5B-744E-4BFE-9D31-BF507D5F9FF1}.Release|Any CPU.ActiveCfg = Release|Any CPU
		{07526F5B-744E-4BFE-9D31-BF507D5F9FF1}.Release|Any CPU.Build.0 = Release|Any CPU
		{8046E5AD-E269-4E90-A47B-983B9223B767}.Debug|Any CPU.ActiveCfg = Debug|Any CPU
		{8046E5AD-E269-4E90-A47B-983B9223B767}.Debug|Any CPU.Build.0 = Debug|Any CPU
		{8046E5AD-E269-4E90-A47B-983B9223B767}.Release|Any CPU.ActiveCfg = Release|Any CPU
		{8046E5AD-E269-4E90-A47B-983B9223B767}.Release|Any CPU.Build.0 = Release|Any CPU
		{5BB270AC-7071-40E4-B228-0AC35BBA3B0F}.Debug|Any CPU.ActiveCfg = Debug|Any CPU
		{5BB270AC-7071-40E4-B228-0AC35BBA3B0F}.Debug|Any CPU.Build.0 = Debug|Any CPU
		{5BB270AC-7071-40E4-B228-0AC35BBA3B0F}.Release|Any CPU.ActiveCfg = Release|Any CPU
		{5BB270AC-7071-40E4-B228-0AC35BBA3B0F}.Release|Any CPU.Build.0 = Release|Any CPU
		{A7B2AFD5-F9EF-4FAA-8AC6-8D167D176676}.Debug|Any CPU.ActiveCfg = Debug|Any CPU
		{A7B2AFD5-F9EF-4FAA-8AC6-8D167D176676}.Debug|Any CPU.Build.0 = Debug|Any CPU
		{A7B2AFD5-F9EF-4FAA-8AC6-8D167D176676}.Release|Any CPU.ActiveCfg = Release|Any CPU
		{A7B2AFD5-F9EF-4FAA-8AC6-8D167D176676}.Release|Any CPU.Build.0 = Release|Any CPU
		{9752F0CE-E9E9-4F26-8A2B-31F06EB1B632}.Debug|Any CPU.ActiveCfg = Debug|Any CPU
		{9752F0CE-E9E9-4F26-8A2B-31F06EB1B632}.Debug|Any CPU.Build.0 = Debug|Any CPU
		{9752F0CE-E9E9-4F26-8A2B-31F06EB1B632}.Release|Any CPU.ActiveCfg = Release|Any CPU
		{9752F0CE-E9E9-4F26-8A2B-31F06EB1B632}.Release|Any CPU.Build.0 = Release|Any CPU
		{19996BFB-69B4-41EE-8349-2A46F2DF24C5}.Debug|Any CPU.ActiveCfg = Debug|Any CPU
		{19996BFB-69B4-41EE-8349-2A46F2DF24C5}.Debug|Any CPU.Build.0 = Debug|Any CPU
		{19996BFB-69B4-41EE-8349-2A46F2DF24C5}.Release|Any CPU.ActiveCfg = Release|Any CPU
		{19996BFB-69B4-41EE-8349-2A46F2DF24C5}.Release|Any CPU.Build.0 = Release|Any CPU
		{83305431-E8B4-4596-AF04-FE2D39C10F8D}.Debug|Any CPU.ActiveCfg = Debug|Any CPU
		{83305431-E8B4-4596-AF04-FE2D39C10F8D}.Debug|Any CPU.Build.0 = Debug|Any CPU
		{83305431-E8B4-4596-AF04-FE2D39C10F8D}.Release|Any CPU.ActiveCfg = Release|Any CPU
		{83305431-E8B4-4596-AF04-FE2D39C10F8D}.Release|Any CPU.Build.0 = Release|Any CPU
		{FA595915-9C85-4BDB-8A53-BD3F5FB535F0}.Debug|Any CPU.ActiveCfg = Debug|Any CPU
		{FA595915-9C85-4BDB-8A53-BD3F5FB535F0}.Debug|Any CPU.Build.0 = Debug|Any CPU
		{FA595915-9C85-4BDB-8A53-BD3F5FB535F0}.Release|Any CPU.ActiveCfg = Release|Any CPU
		{FA595915-9C85-4BDB-8A53-BD3F5FB535F0}.Release|Any CPU.Build.0 = Release|Any CPU
		{B5E0C359-C9D4-4CC0-B96E-59989B3161C7}.Debug|Any CPU.ActiveCfg = Debug|Any CPU
		{B5E0C359-C9D4-4CC0-B96E-59989B3161C7}.Debug|Any CPU.Build.0 = Debug|Any CPU
		{B5E0C359-C9D4-4CC0-B96E-59989B3161C7}.Release|Any CPU.ActiveCfg = Release|Any CPU
		{B5E0C359-C9D4-4CC0-B96E-59989B3161C7}.Release|Any CPU.Build.0 = Release|Any CPU
		{F5DC4DB9-B880-4EA8-A2FC-171B2B28F07E}.Debug|Any CPU.ActiveCfg = Debug|Any CPU
		{F5DC4DB9-B880-4EA8-A2FC-171B2B28F07E}.Debug|Any CPU.Build.0 = Debug|Any CPU
		{F5DC4DB9-B880-4EA8-A2FC-171B2B28F07E}.Release|Any CPU.ActiveCfg = Release|Any CPU
		{F5DC4DB9-B880-4EA8-A2FC-171B2B28F07E}.Release|Any CPU.Build.0 = Release|Any CPU
		{45EC68B3-5374-4A88-9C49-3610D481C14E}.Debug|Any CPU.ActiveCfg = Debug|Any CPU
		{45EC68B3-5374-4A88-9C49-3610D481C14E}.Debug|Any CPU.Build.0 = Debug|Any CPU
		{45EC68B3-5374-4A88-9C49-3610D481C14E}.Release|Any CPU.ActiveCfg = Release|Any CPU
		{45EC68B3-5374-4A88-9C49-3610D481C14E}.Release|Any CPU.Build.0 = Release|Any CPU
		{7AC87625-22BC-44E4-8CC5-D025B4B1A44B}.Debug|Any CPU.ActiveCfg = Debug|Any CPU
		{7AC87625-22BC-44E4-8CC5-D025B4B1A44B}.Debug|Any CPU.Build.0 = Debug|Any CPU
		{7AC87625-22BC-44E4-8CC5-D025B4B1A44B}.Release|Any CPU.ActiveCfg = Release|Any CPU
		{7AC87625-22BC-44E4-8CC5-D025B4B1A44B}.Release|Any CPU.Build.0 = Release|Any CPU
		{C67D60EB-5072-4264-8D79-EEC6392B762E}.Debug|Any CPU.ActiveCfg = Debug|Any CPU
		{C67D60EB-5072-4264-8D79-EEC6392B762E}.Debug|Any CPU.Build.0 = Debug|Any CPU
		{C67D60EB-5072-4264-8D79-EEC6392B762E}.Release|Any CPU.ActiveCfg = Release|Any CPU
		{C67D60EB-5072-4264-8D79-EEC6392B762E}.Release|Any CPU.Build.0 = Release|Any CPU
		{4D5F9071-2D40-45EC-B33C-C3881F3E39D8}.Debug|Any CPU.ActiveCfg = Debug|Any CPU
		{4D5F9071-2D40-45EC-B33C-C3881F3E39D8}.Debug|Any CPU.Build.0 = Debug|Any CPU
		{4D5F9071-2D40-45EC-B33C-C3881F3E39D8}.Release|Any CPU.ActiveCfg = Release|Any CPU
		{4D5F9071-2D40-45EC-B33C-C3881F3E39D8}.Release|Any CPU.Build.0 = Release|Any CPU
		{6CFD707B-57BB-45F8-B8DB-E4CEDD1C9EB0}.Debug|Any CPU.ActiveCfg = Debug|Any CPU
		{6CFD707B-57BB-45F8-B8DB-E4CEDD1C9EB0}.Debug|Any CPU.Build.0 = Debug|Any CPU
		{6CFD707B-57BB-45F8-B8DB-E4CEDD1C9EB0}.Release|Any CPU.ActiveCfg = Release|Any CPU
		{6CFD707B-57BB-45F8-B8DB-E4CEDD1C9EB0}.Release|Any CPU.Build.0 = Release|Any CPU
		{BD32AF0A-50C8-4F69-BAF0-8CEFB03B4805}.Debug|Any CPU.ActiveCfg = Debug|Any CPU
		{BD32AF0A-50C8-4F69-BAF0-8CEFB03B4805}.Debug|Any CPU.Build.0 = Debug|Any CPU
		{BD32AF0A-50C8-4F69-BAF0-8CEFB03B4805}.Release|Any CPU.ActiveCfg = Release|Any CPU
		{BD32AF0A-50C8-4F69-BAF0-8CEFB03B4805}.Release|Any CPU.Build.0 = Release|Any CPU
		{25214C2C-6DD2-4E4F-B2B2-74A87D778EDF}.Debug|Any CPU.ActiveCfg = Debug|Any CPU
		{25214C2C-6DD2-4E4F-B2B2-74A87D778EDF}.Debug|Any CPU.Build.0 = Debug|Any CPU
		{25214C2C-6DD2-4E4F-B2B2-74A87D778EDF}.Release|Any CPU.ActiveCfg = Release|Any CPU
		{25214C2C-6DD2-4E4F-B2B2-74A87D778EDF}.Release|Any CPU.Build.0 = Release|Any CPU
		{429E10EE-31F8-46DB-BE44-DEF85D450E26}.Debug|Any CPU.ActiveCfg = Debug|Any CPU
		{429E10EE-31F8-46DB-BE44-DEF85D450E26}.Debug|Any CPU.Build.0 = Debug|Any CPU
		{429E10EE-31F8-46DB-BE44-DEF85D450E26}.Release|Any CPU.ActiveCfg = Release|Any CPU
		{429E10EE-31F8-46DB-BE44-DEF85D450E26}.Release|Any CPU.Build.0 = Release|Any CPU
		{082FCAB4-6F55-4424-9DA4-C88409E34A15}.Debug|Any CPU.ActiveCfg = Debug|Any CPU
		{082FCAB4-6F55-4424-9DA4-C88409E34A15}.Debug|Any CPU.Build.0 = Debug|Any CPU
		{082FCAB4-6F55-4424-9DA4-C88409E34A15}.Release|Any CPU.ActiveCfg = Release|Any CPU
		{082FCAB4-6F55-4424-9DA4-C88409E34A15}.Release|Any CPU.Build.0 = Release|Any CPU
		{8518674C-843F-4BCF-BAD3-3EAEB28E48EF}.Debug|Any CPU.ActiveCfg = Debug|Any CPU
		{8518674C-843F-4BCF-BAD3-3EAEB28E48EF}.Debug|Any CPU.Build.0 = Debug|Any CPU
		{8518674C-843F-4BCF-BAD3-3EAEB28E48EF}.Release|Any CPU.ActiveCfg = Release|Any CPU
		{8518674C-843F-4BCF-BAD3-3EAEB28E48EF}.Release|Any CPU.Build.0 = Release|Any CPU
		{8AEA6B0E-7BB0-47D1-8F6C-CF63600BDEF0}.Debug|Any CPU.ActiveCfg = Debug|Any CPU
		{8AEA6B0E-7BB0-47D1-8F6C-CF63600BDEF0}.Debug|Any CPU.Build.0 = Debug|Any CPU
		{8AEA6B0E-7BB0-47D1-8F6C-CF63600BDEF0}.Release|Any CPU.ActiveCfg = Release|Any CPU
		{8AEA6B0E-7BB0-47D1-8F6C-CF63600BDEF0}.Release|Any CPU.Build.0 = Release|Any CPU
		{E0B6CD72-3603-48AE-9C72-AB63D603C063}.Debug|Any CPU.ActiveCfg = Debug|Any CPU
		{E0B6CD72-3603-48AE-9C72-AB63D603C063}.Debug|Any CPU.Build.0 = Debug|Any CPU
		{E0B6CD72-3603-48AE-9C72-AB63D603C063}.Release|Any CPU.ActiveCfg = Release|Any CPU
		{E0B6CD72-3603-48AE-9C72-AB63D603C063}.Release|Any CPU.Build.0 = Release|Any CPU
		{1146E993-12B3-4F7F-A902-31087474C3B9}.Debug|Any CPU.ActiveCfg = Debug|Any CPU
		{1146E993-12B3-4F7F-A902-31087474C3B9}.Debug|Any CPU.Build.0 = Debug|Any CPU
		{1146E993-12B3-4F7F-A902-31087474C3B9}.Release|Any CPU.ActiveCfg = Release|Any CPU
		{1146E993-12B3-4F7F-A902-31087474C3B9}.Release|Any CPU.Build.0 = Release|Any CPU
		{ECD2983A-54A3-48B7-B556-4ECC1B7CF60D}.Debug|Any CPU.ActiveCfg = Debug|Any CPU
		{ECD2983A-54A3-48B7-B556-4ECC1B7CF60D}.Debug|Any CPU.Build.0 = Debug|Any CPU
		{ECD2983A-54A3-48B7-B556-4ECC1B7CF60D}.Release|Any CPU.ActiveCfg = Release|Any CPU
		{ECD2983A-54A3-48B7-B556-4ECC1B7CF60D}.Release|Any CPU.Build.0 = Release|Any CPU
		{7EDDA01B-D1D2-40A5-8FC5-99B2F040B910}.Debug|Any CPU.ActiveCfg = Debug|Any CPU
		{7EDDA01B-D1D2-40A5-8FC5-99B2F040B910}.Debug|Any CPU.Build.0 = Debug|Any CPU
		{7EDDA01B-D1D2-40A5-8FC5-99B2F040B910}.Release|Any CPU.ActiveCfg = Release|Any CPU
		{7EDDA01B-D1D2-40A5-8FC5-99B2F040B910}.Release|Any CPU.Build.0 = Release|Any CPU
		{31DF0086-5B55-43F8-94C8-F8BE74D9DA27}.Debug|Any CPU.ActiveCfg = Debug|Any CPU
		{31DF0086-5B55-43F8-94C8-F8BE74D9DA27}.Debug|Any CPU.Build.0 = Debug|Any CPU
		{31DF0086-5B55-43F8-94C8-F8BE74D9DA27}.Release|Any CPU.ActiveCfg = Release|Any CPU
		{31DF0086-5B55-43F8-94C8-F8BE74D9DA27}.Release|Any CPU.Build.0 = Release|Any CPU
		{618DC37F-DA60-494C-B4FB-369D4351424A}.Debug|Any CPU.ActiveCfg = Debug|Any CPU
		{618DC37F-DA60-494C-B4FB-369D4351424A}.Debug|Any CPU.Build.0 = Debug|Any CPU
		{618DC37F-DA60-494C-B4FB-369D4351424A}.Release|Any CPU.ActiveCfg = Release|Any CPU
		{618DC37F-DA60-494C-B4FB-369D4351424A}.Release|Any CPU.Build.0 = Release|Any CPU
		{9D76A664-B770-40E5-B797-E57FD491CBC3}.Debug|Any CPU.ActiveCfg = Debug|Any CPU
		{9D76A664-B770-40E5-B797-E57FD491CBC3}.Debug|Any CPU.Build.0 = Debug|Any CPU
		{9D76A664-B770-40E5-B797-E57FD491CBC3}.Release|Any CPU.ActiveCfg = Release|Any CPU
		{9D76A664-B770-40E5-B797-E57FD491CBC3}.Release|Any CPU.Build.0 = Release|Any CPU
		{378D8FC0-8AC8-4A12-A8CE-90E9A818BA27}.Debug|Any CPU.ActiveCfg = Debug|Any CPU
		{378D8FC0-8AC8-4A12-A8CE-90E9A818BA27}.Debug|Any CPU.Build.0 = Debug|Any CPU
		{378D8FC0-8AC8-4A12-A8CE-90E9A818BA27}.Release|Any CPU.ActiveCfg = Release|Any CPU
		{378D8FC0-8AC8-4A12-A8CE-90E9A818BA27}.Release|Any CPU.Build.0 = Release|Any CPU
		{473EB208-9DB7-429C-B1F7-2B637BDE6E0B}.Debug|Any CPU.ActiveCfg = Debug|Any CPU
		{473EB208-9DB7-429C-B1F7-2B637BDE6E0B}.Debug|Any CPU.Build.0 = Debug|Any CPU
		{473EB208-9DB7-429C-B1F7-2B637BDE6E0B}.Release|Any CPU.ActiveCfg = Release|Any CPU
		{473EB208-9DB7-429C-B1F7-2B637BDE6E0B}.Release|Any CPU.Build.0 = Release|Any CPU
		{67F259E2-FCC9-4F7B-89F3-2382351BF051}.Debug|Any CPU.ActiveCfg = Debug|Any CPU
		{67F259E2-FCC9-4F7B-89F3-2382351BF051}.Debug|Any CPU.Build.0 = Debug|Any CPU
		{67F259E2-FCC9-4F7B-89F3-2382351BF051}.Release|Any CPU.ActiveCfg = Release|Any CPU
		{67F259E2-FCC9-4F7B-89F3-2382351BF051}.Release|Any CPU.Build.0 = Release|Any CPU
		{9E223A92-2D7B-4589-AB1E-58257D573629}.Debug|Any CPU.ActiveCfg = Debug|Any CPU
		{9E223A92-2D7B-4589-AB1E-58257D573629}.Debug|Any CPU.Build.0 = Debug|Any CPU
		{9E223A92-2D7B-4589-AB1E-58257D573629}.Release|Any CPU.ActiveCfg = Release|Any CPU
		{9E223A92-2D7B-4589-AB1E-58257D573629}.Release|Any CPU.Build.0 = Release|Any CPU
	EndGlobalSection
	GlobalSection(SolutionProperties) = preSolution
		HideSolutionNode = FALSE
	EndGlobalSection
	GlobalSection(NestedProjects) = preSolution
		{3F5199B6-2DD3-4A4B-B55A-FFB123A8CDBA} = {FB8E8C6B-C739-409F-9C04-6AA8832A637D}
		{1094DAEE-027C-47C2-94DB-DBCFACE18CFE} = {FB8E8C6B-C739-409F-9C04-6AA8832A637D}
		{7D2FE876-6C14-402D-B2C1-F7CEA3DB6479} = {FB8E8C6B-C739-409F-9C04-6AA8832A637D}
		{917C58F4-3BEE-429A-ABD3-771FF08804B4} = {9C1A1726-6CC9-45BE-9E80-AB036E65A2C6}
		{5E8FB5A5-8CD6-4DE1-A888-79F82CF3ED07} = {7A88147C-291E-43AD-AA85-7F19F05BEB4D}
		{77E88894-9A36-48AD-B749-C54CFD685F7E} = {7A88147C-291E-43AD-AA85-7F19F05BEB4D}
		{4B77A97C-C341-4EB9-A41D-DBE8ECA92739} = {7A88147C-291E-43AD-AA85-7F19F05BEB4D}
		{DADFEE55-DAF0-44CD-8DA9-E1D56F38B464} = {7A88147C-291E-43AD-AA85-7F19F05BEB4D}
		{010C8BC6-88D9-463D-BA44-710B326E559E} = {DD1A6415-1551-4168-8571-B2C797461A1F}
		{259617BB-FB93-47A8-9C55-54EE7C9FF78A} = {DD1A6415-1551-4168-8571-B2C797461A1F}
		{0810B7DD-60F2-4AEB-89B2-487C9881C015} = {DD1A6415-1551-4168-8571-B2C797461A1F}
		{98D93368-4818-4238-BFA4-4EB0E7E5FA6B} = {28EEEDD8-9786-4C01-B94D-9EC3E78DE5AC}
		{2AAF07AE-CA4C-47CB-A5BA-318C71535268} = {28EEEDD8-9786-4C01-B94D-9EC3E78DE5AC}
		{1B1E648A-1F8D-4E62-9867-E899BF120547} = {6EBBE521-462A-48EB-855E-A50D0909FBA8}
		{B3BEAEC3-7854-487B-9096-B94B16127F5D} = {6EBBE521-462A-48EB-855E-A50D0909FBA8}
		{A260D715-77F4-492B-A844-178BA95BCC1A} = {6EBBE521-462A-48EB-855E-A50D0909FBA8}
		{07526F5B-744E-4BFE-9D31-BF507D5F9FF1} = {6EBBE521-462A-48EB-855E-A50D0909FBA8}
		{8046E5AD-E269-4E90-A47B-983B9223B767} = {6EBBE521-462A-48EB-855E-A50D0909FBA8}
		{5BB270AC-7071-40E4-B228-0AC35BBA3B0F} = {6EBBE521-462A-48EB-855E-A50D0909FBA8}
		{A7B2AFD5-F9EF-4FAA-8AC6-8D167D176676} = {6EBBE521-462A-48EB-855E-A50D0909FBA8}
		{9752F0CE-E9E9-4F26-8A2B-31F06EB1B632} = {6EBBE521-462A-48EB-855E-A50D0909FBA8}
		{83305431-E8B4-4596-AF04-FE2D39C10F8D} = {6D9CBE9B-5C51-47A0-AF60-8AF803481E94}
		{FA595915-9C85-4BDB-8A53-BD3F5FB535F0} = {6D9CBE9B-5C51-47A0-AF60-8AF803481E94}
		{B5E0C359-C9D4-4CC0-B96E-59989B3161C7} = {6D9CBE9B-5C51-47A0-AF60-8AF803481E94}
		{F5DC4DB9-B880-4EA8-A2FC-171B2B28F07E} = {6D9CBE9B-5C51-47A0-AF60-8AF803481E94}
		{45EC68B3-5374-4A88-9C49-3610D481C14E} = {6D9CBE9B-5C51-47A0-AF60-8AF803481E94}
		{7AC87625-22BC-44E4-8CC5-D025B4B1A44B} = {6D9CBE9B-5C51-47A0-AF60-8AF803481E94}
		{C67D60EB-5072-4264-8D79-EEC6392B762E} = {6D9CBE9B-5C51-47A0-AF60-8AF803481E94}
		{4D5F9071-2D40-45EC-B33C-C3881F3E39D8} = {6D9CBE9B-5C51-47A0-AF60-8AF803481E94}
		{6CFD707B-57BB-45F8-B8DB-E4CEDD1C9EB0} = {9045867C-3FD8-435C-A852-EA790DB5A547}
		{BD32AF0A-50C8-4F69-BAF0-8CEFB03B4805} = {9045867C-3FD8-435C-A852-EA790DB5A547}
		{25214C2C-6DD2-4E4F-B2B2-74A87D778EDF} = {378DBF0B-15CD-4982-8CCA-4A10CB920D48}
		{429E10EE-31F8-46DB-BE44-DEF85D450E26} = {378DBF0B-15CD-4982-8CCA-4A10CB920D48}
		{082FCAB4-6F55-4424-9DA4-C88409E34A15} = {6D9CBE9B-5C51-47A0-AF60-8AF803481E94}
		{8518674C-843F-4BCF-BAD3-3EAEB28E48EF} = {6D9CBE9B-5C51-47A0-AF60-8AF803481E94}
		{8AEA6B0E-7BB0-47D1-8F6C-CF63600BDEF0} = {6D9CBE9B-5C51-47A0-AF60-8AF803481E94}
		{E0B6CD72-3603-48AE-9C72-AB63D603C063} = {68EF0CC6-8966-43C8-8D66-E0A2EB7EEFA1}
		{1146E993-12B3-4F7F-A902-31087474C3B9} = {EF848F2B-8DC9-4E17-9975-586FDE25AABA}
		{ECD2983A-54A3-48B7-B556-4ECC1B7CF60D} = {F76A68A8-4DD1-4A7B-A064-0A0A00808A73}
		{7EDDA01B-D1D2-40A5-8FC5-99B2F040B910} = {F76A68A8-4DD1-4A7B-A064-0A0A00808A73}
		{31DF0086-5B55-43F8-94C8-F8BE74D9DA27} = {F9C4FAC5-6633-43ED-822B-004F51C72EFF}
		{618DC37F-DA60-494C-B4FB-369D4351424A} = {573341F3-45C7-4FAE-9D4F-C94E852ED922}
		{9D76A664-B770-40E5-B797-E57FD491CBC3} = {573341F3-45C7-4FAE-9D4F-C94E852ED922}
		{378D8FC0-8AC8-4A12-A8CE-90E9A818BA27} = {573341F3-45C7-4FAE-9D4F-C94E852ED922}
		{473EB208-9DB7-429C-B1F7-2B637BDE6E0B} = {573341F3-45C7-4FAE-9D4F-C94E852ED922}
		{67F259E2-FCC9-4F7B-89F3-2382351BF051} = {573341F3-45C7-4FAE-9D4F-C94E852ED922}
		{9E223A92-2D7B-4589-AB1E-58257D573629} = {9045867C-3FD8-435C-A852-EA790DB5A547}
	EndGlobalSection
	GlobalSection(ExtensibilityGlobals) = postSolution
		SolutionGuid = {68BC31C9-43A3-4018-A815-44A4F6DFD197}
	EndGlobalSection
EndGlobal
